
Microsoft Visual Studio Solution File, Format Version 12.00
# Visual Studio Version 17
VisualStudioVersion = 17.9.34728.123
MinimumVisualStudioVersion = 10.0.40219.1
Project("{FAE04EC0-301F-11D3-BF4B-00C04F79EFBC}") = "Dictonary", "Dictonary.csproj", "{99BD9D79-64E1-4E60-B746-5E1436CE502B}"
EndProject
Global
	GlobalSection(SolutionConfigurationPlatforms) = preSolution
		Debug|Any CPU = Debug|Any CPU
		Release|Any CPU = Release|Any CPU
	EndGlobalSection
	GlobalSection(ProjectConfigurationPlatforms) = postSolution
		{99BD9D79-64E1-4E60-B746-5E1436CE502B}.Debug|Any CPU.ActiveCfg = Debug|Any CPU
		{99BD9D79-64E1-4E60-B746-5E1436CE502B}.Debug|Any CPU.Build.0 = Debug|Any CPU
		{99BD9D79-64E1-4E60-B746-5E1436CE502B}.Release|Any CPU.ActiveCfg = Release|Any CPU
		{99BD9D79-64E1-4E60-B746-5E1436CE502B}.Release|Any CPU.Build.0 = Release|Any CPU
	EndGlobalSection
	GlobalSection(SolutionProperties) = preSolution
		HideSolutionNode = FALSE
	EndGlobalSection
	GlobalSection(ExtensibilityGlobals) = postSolution
		SolutionGuid = {4715C68A-4594-4434-AEB6-49029BBF4445}
	EndGlobalSection
EndGlobal
