
Microsoft Visual Studio Solution File, Format Version 12.00
# Visual Studio Version 17
VisualStudioVersion = 17.9.34728.123
MinimumVisualStudioVersion = 10.0.40219.1
Project("{FAE04EC0-301F-11D3-BF4B-00C04F79EFBC}") = "Inheritance", "Inheritance.csproj", "{D70B219D-129F-42B7-B02A-42E16CA0B424}"
EndProject
Global
	GlobalSection(SolutionConfigurationPlatforms) = preSolution
		Debug|Any CPU = Debug|Any CPU
		Release|Any CPU = Release|Any CPU
	EndGlobalSection
	GlobalSection(ProjectConfigurationPlatforms) = postSolution
		{D70B219D-129F-42B7-B02A-42E16CA0B424}.Debug|Any CPU.ActiveCfg = Debug|Any CPU
		{D70B219D-129F-42B7-B02A-42E16CA0B424}.Debug|Any CPU.Build.0 = Debug|Any CPU
		{D70B219D-129F-42B7-B02A-42E16CA0B424}.Release|Any CPU.ActiveCfg = Release|Any CPU
		{D70B219D-129F-42B7-B02A-42E16CA0B424}.Release|Any CPU.Build.0 = Release|Any CPU
	EndGlobalSection
	GlobalSection(SolutionProperties) = preSolution
		HideSolutionNode = FALSE
	EndGlobalSection
	GlobalSection(ExtensibilityGlobals) = postSolution
		SolutionGuid = {6A619325-CCF4-48EB-BCF6-8D449C9840D8}
	EndGlobalSection
EndGlobal
